PODS:
  - GZIP (1.3.0)
  - Masonry (1.1.0)
  - SQLiteRepairKit (1.2.2):
    - WCDBOptimizedSQLCipher (~> 1.2.0)
  - WCDB (1.0.7.5):
    - SQLiteRepairKit (~> 1.2.0)
    - WCDBOptimizedSQLCipher (~> 1.2.0)
  - WCDBOptimizedSQLCipher (1.2.1)

DEPENDENCIES:
  - GZIP
  - Masonry
  - WCDB

SPEC REPOS:
  https://github.com/CocoaPods/Specs.git:
    - GZIP
    - Masonry
    - SQLiteRepairKit
    - WCDB
    - WCDBOptimizedSQLCipher

SPEC CHECKSUMS:
  GZIP: 416858efbe66b41b206895ac6dfd5493200d95b3
  Masonry: 678fab65091a9290e40e2832a55e7ab731aad201
  SQLiteRepairKit: 35aaae5a8838adb85f5b1eb4d796055be6060a4b
  WCDB: 8e90babdeb7784c569353a4bd22a66c0a175a882
  WCDBOptimizedSQLCipher: baf44493b0c7a3d49e97bc5b64a3856f6428ddd1

PODFILE CHECKSUM: 1173ab3d86ab2d1444f0b94513c1d43ad525e75b

COCOAPODS: 1.8.0
