PODS:
  - Mantle (2.1.0):
    - Mantle/extobjc (= 2.1.0)
  - Mantle/extobjc (2.1.0)
  - SQLiteRepairKit (1.2.1):
    - WCDBOptimizedSQLCipher (~> 1.2.0)
  - WCDB (1.0.7.5):
    - SQLiteRepairKit (~> 1.2.0)
    - WCDBOptimizedSQLCipher (~> 1.2.0)
  - WCDBOptimizedSQLCipher (1.2.1)

DEPENDENCIES:
  - Mantle
  - WCDB

SPEC REPOS:
  https://github.com/CocoaPods/Specs.git:
    - Mantle
    - SQLiteRepairKit
    - WCDB
    - WCDBOptimizedSQLCipher

SPEC CHECKSUMS:
  Mantle: 2fa750afa478cd625a94230fbf1c13462f29395b
  SQLiteRepairKit: 4d21bab9eff6a273f63da6815a0d1659e53f5bde
  WCDB: 8e90babdeb7784c569353a4bd22a66c0a175a882
  WCDBOptimizedSQLCipher: baf44493b0c7a3d49e97bc5b64a3856f6428ddd1

PODFILE CHECKSUM: e0914b3e54718f8ef8a583c17227113cd7d8895d

COCOAPODS: 1.8.4
